// !$*UTF8*$!
{
	archiveVersion = 1;
	classes = {
	};
	objectVersion = 46;
	objects = {

/* Begin PBXBuildFile section */
		BC8A62EE1C577A1500BA318D /* main.m in Sources */ = {isa = PBXBuildFile; fileRef = BC8A62ED1C577A1500BA318D /* main.m */; };
		BC8A62F11C577A1500BA318D /* AppDelegate.m in Sources */ = {isa = PBXBuildFile; fileRef = BC8A62F01C577A1500BA318D /* AppDelegate.m */; };
		BC8A62F41C577A1500BA318D /* ViewController.m in Sources */ = {isa = PBXBuildFile; fileRef = BC8A62F31C577A1500BA318D /* ViewController.m */; };
		BC8A62F71C577A1500BA318D /* Main.storyboard in Resources */ = {isa = PBXBuildFile; fileRef = BC8A62F51C577A1500BA318D /* Main.storyboard */; };
		BC8A62F91C577A1500BA318D /* Assets.xcassets in Resources */ = {isa = PBXBuildFile; fileRef = BC8A62F81C577A1500BA318D /* Assets.xcassets */; };
		BC8A62FC1C577A1500BA318D /* LaunchScreen.storyboard in Resources */ = {isa = PBXBuildFile; fileRef = BC8A62FA1C577A1500BA318D /* LaunchScreen.storyboard */; };
		BC8A63071C577A1500BA318D /* DomoTests.m in Sources */ = {isa = PBXBuildFile; fileRef = BC8A63061C577A1500BA318D /* DomoTests.m */; };
		BC8A63121C577A1500BA318D /* DomoUITests.m in Sources */ = {isa = PBXBuildFile; fileRef = BC8A63111C577A1500BA318D /* DomoUITests.m */; };
/* End PBXBuildFile section */

/* Begin PBXContainerItemProxy section */
		BC8A63031C577A1500BA318D /* PBXContainerItemProxy */ = {
			isa = PBXContainerItemProxy;
			containerPortal = BC8A62E11C577A1500BA318D /* Project object */;
			proxyType = 1;
			remoteGlobalIDString = BC8A62E81C577A1500BA318D;
			remoteInfo = Domo;
		};
		BC8A630E1C577A1500BA318D /* PBXContainerItemProxy */ = {
			isa = PBXContainerItemProxy;
			containerPortal = BC8A62E11C577A1500BA318D /* Project object */;
			proxyType = 1;
			remoteGlobalIDString = BC8A62E81C577A1500BA318D;
			remoteInfo = Domo;
		};
/* End PBXContainerItemProxy section */

/* Begin PBXFileReference section */
		BC8A62E91C577A1500BA318D /* Domo.app */ = {isa = PBXFileReference; explicitFileType = wrapper.application; includeInIndex = 0; path = Domo.app; sourceTree = BUILT_PRODUCTS_DIR; };
		BC8A62ED1C577A1500BA318D /* main.m */ = {isa = PBXFileReference; lastKnownFileType = sourcecode.c.objc; path = main.m; sourceTree = "<group>"; };
		BC8A62EF1C577A1500BA318D /* AppDelegate.h */ = {isa = PBXFileReference; lastKnownFileType = sourcecode.c.h; path = AppDelegate.h; sourceTree = "<group>"; };
		BC8A62F01C577A1500BA318D /* AppDelegate.m */ = {isa = PBXFileReference; lastKnownFileType = sourcecode.c.objc; path = AppDelegate.m; sourceTree = "<group>"; };
		BC8A62F21C577A1500BA318D /* ViewController.h */ = {isa = PBXFileReference; lastKnownFileType = sourcecode.c.h; path = ViewController.h; sourceTree = "<group>"; };
		BC8A62F31C577A1500BA318D /* ViewController.m */ = {isa = PBXFileReference; lastKnownFileType = sourcecode.c.objc; path = ViewController.m; sourceTree = "<group>"; };
		BC8A62F61C577A1500BA318D /* Base */ = {isa = PBXFileReference; lastKnownFileType = file.storyboard; name = Base; path = Base.lproj/Main.storyboard; sourceTree = "<group>"; };
		BC8A62F81C577A1500BA318D /* Assets.xcassets */ = {isa = PBXFileReference; lastKnownFileType = folder.assetcatalog; path = Assets.xcassets; sourceTree = "<group>"; };
		BC8A62FB1C577A1500BA318D /* Base */ = {isa = PBXFileReference; lastKnownFileType = file.storyboard; name = Base; path = Base.lproj/LaunchScreen.storyboard; sourceTree = "<group>"; };
		BC8A62FD1C577A1500BA318D /* Info.plist */ = {isa = PBXFileReference; lastKnownFileType = text.plist.xml; path = Info.plist; sourceTree = "<group>"; };
		BC8A63021C577A1500BA318D /* DomoTests.xctest */ = {isa = PBXFileReference; explicitFileType = wrapper.cfbundle; includeInIndex = 0; path = DomoTests.xctest; sourceTree = BUILT_PRODUCTS_DIR; };
		BC8A63061C577A1500BA318D /* DomoTests.m */ = {isa = PBXFileReference; lastKnownFileType = sourcecode.c.objc; path = DomoTests.m; sourceTree = "<group>"; };
		BC8A63081C577A1500BA318D /* Info.plist */ = {isa = PBXFileReference; lastKnownFileType = text.plist.xml; path = Info.plist; sourceTree = "<group>"; };
		BC8A630D1C577A1500BA318D /* DomoUITests.xctest */ = {isa = PBXFileReference; explicitFileType = wrapper.cfbundle; includeInIndex = 0; path = DomoUITests.xctest; sourceTree = BUILT_PRODUCTS_DIR; };
		BC8A63111C577A1500BA318D /* DomoUITests.m */ = {isa = PBXFileReference; lastKnownFileType = sourcecode.c.objc; path = DomoUITests.m; sourceTree = "<group>"; };
		BC8A63131C577A1500BA318D /* Info.plist */ = {isa = PBXFileReference; lastKnownFileType = text.plist.xml; path = Info.plist; sourceTree = "<group>"; };
/* End PBXFileReference section */

/* Begin PBXFrameworksBuildPhase section */
		BC8A62E61C577A1500BA318D /* Frameworks */ = {
			isa = PBXFrameworksBuildPhase;
			buildActionMask = 2147483647;
			files = (
			);
			runOnlyForDeploymentPostprocessing = 0;
		};
		BC8A62FF1C577A1500BA318D /* Frameworks */ = {
			isa = PBXFrameworksBuildPhase;
			buildActionMask = 2147483647;
			files = (
			);
			runOnlyForDeploymentPostprocessing = 0;
		};
		BC8A630A1C577A1500BA318D /* Frameworks */ = {
			isa = PBXFrameworksBuildPhase;
			buildActionMask = 2147483647;
			files = (
			);
			runOnlyForDeploymentPostprocessing = 0;
		};
/* End PBXFrameworksBuildPhase section */

/* Begin PBXGroup section */
		BC8A62E01C577A1500BA318D = {
			isa = PBXGroup;
			children = (
				BC8A62EB1C577A1500BA318D /* Domo */,
				BC8A63051C577A1500BA318D /* DomoTests */,
				BC8A63101C577A1500BA318D /* DomoUITests */,
				BC8A62EA1C577A1500BA318D /* Products */,
			);
			sourceTree = "<group>";
		};
		BC8A62EA1C577A1500BA318D /* Products */ = {
			isa = PBXGroup;
			children = (
				BC8A62E91C577A1500BA318D /* Domo.app */,
				BC8A63021C577A1500BA318D /* DomoTests.xctest */,
				BC8A630D1C577A1500BA318D /* DomoUITests.xctest */,
			);
			name = Products;
			sourceTree = "<group>";
		};
		BC8A62EB1C577A1500BA318D /* Domo */ = {
			isa = PBXGroup;
			children = (
				BC8A62EF1C577A1500BA318D /* AppDelegate.h */,
				BC8A62F01C577A1500BA318D /* AppDelegate.m */,
				BC8A62F21C577A1500BA318D /* ViewController.h */,
				BC8A62F31C577A1500BA318D /* ViewController.m */,
				BC8A62F51C577A1500BA318D /* Main.storyboard */,
				BC8A62F81C577A1500BA318D /* Assets.xcassets */,
				BC8A62FA1C577A1500BA318D /* LaunchScreen.storyboard */,
				BC8A62FD1C577A1500BA318D /* Info.plist */,
				BC8A62EC1C577A1500BA318D /* Supporting Files */,
			);
			path = Domo;
			sourceTree = "<group>";
		};
		BC8A62EC1C577A1500BA318D /* Supporting Files */ = {
			isa = PBXGroup;
			children = (
				BC8A62ED1C577A1500BA318D /* main.m */,
			);
			name = "Supporting Files";
			sourceTree = "<group>";
		};
		BC8A63051C577A1500BA318D /* DomoTests */ = {
			isa = PBXGroup;
			children = (
				BC8A63061C577A1500BA318D /* DomoTests.m */,
				BC8A63081C577A1500BA318D /* Info.plist */,
			);
			path = DomoTests;
			sourceTree = "<group>";
		};
		BC8A63101C577A1500BA318D /* DomoUITests */ = {
			isa = PBXGroup;
			children = (
				BC8A63111C577A1500BA318D /* DomoUITests.m */,
				BC8A63131C577A1500BA318D /* Info.plist */,
			);
			path = DomoUITests;
			sourceTree = "<group>";
		};
/* End PBXGroup section */

/* Begin PBXNativeTarget section */
		BC8A62E81C577A1500BA318D /* Domo */ = {
			isa = PBXNativeTarget;
			buildConfigurationList = BC8A63161C577A1500BA318D /* Build configuration list for PBXNativeTarget "Domo" */;
			buildPhases = (
				BC8A62E51C577A1500BA318D /* Sources */,
				BC8A62E61C577A1500BA318D /* Frameworks */,
				BC8A62E71C577A1500BA318D /* Resources */,
			);
			buildRules = (
			);
			dependencies = (
			);
			name = Domo;
			productName = Domo;
			productReference = BC8A62E91C577A1500BA318D /* Domo.app */;
			productType = "com.apple.product-type.application";
		};
		BC8A63011C577A1500BA318D /* DomoTests */ = {
			isa = PBXNativeTarget;
			buildConfigurationList = BC8A63191C577A1500BA318D /* Build configuration list for PBXNativeTarget "DomoTests" */;
			buildPhases = (
				BC8A62FE1C577A1500BA318D /* Sources */,
				BC8A62FF1C577A1500BA318D /* Frameworks */,
				BC8A63001C577A1500BA318D /* Resources */,
			);
			buildRules = (
			);
			dependencies = (
				BC8A63041C577A1500BA318D /* PBXTargetDependency */,
			);
			name = DomoTests;
			productName = DomoTests;
			productReference = BC8A63021C577A1500BA318D /* DomoTests.xctest */;
			productType = "com.apple.product-type.bundle.unit-test";
		};
		BC8A630C1C577A1500BA318D /* DomoUITests */ = {
			isa = PBXNativeTarget;
			buildConfigurationList = BC8A631C1C577A1500BA318D /* Build configuration list for PBXNativeTarget "DomoUITests" */;
			buildPhases = (
				BC8A63091C577A1500BA318D /* Sources */,
				BC8A630A1C577A1500BA318D /* Frameworks */,
				BC8A630B1C577A1500BA318D /* Resources */,
			);
			buildRules = (
			);
			dependencies = (
				BC8A630F1C577A1500BA318D /* PBXTargetDependency */,
			);
			name = DomoUITests;
			productName = DomoUITests;
			productReference = BC8A630D1C577A1500BA318D /* DomoUITests.xctest */;
			productType = "com.apple.product-type.bundle.ui-testing";
		};
/* End PBXNativeTarget section */

/* Begin PBXProject section */
		BC8A62E11C577A1500BA318D /* Project object */ = {
			isa = PBXProject;
			attributes = {
				LastUpgradeCheck = 0700;
				ORGANIZATIONNAME = "李乐";
				TargetAttributes = {
					BC8A62E81C577A1500BA318D = {
						CreatedOnToolsVersion = 7.0;
					};
					BC8A63011C577A1500BA318D = {
						CreatedOnToolsVersion = 7.0;
						TestTargetID = BC8A62E81C577A1500BA318D;
					};
					BC8A630C1C577A1500BA318D = {
						CreatedOnToolsVersion = 7.0;
						TestTargetID = BC8A62E81C577A1500BA318D;
					};
				};
			};
			buildConfigurationList = BC8A62E41C577A1500BA318D /* Build configuration list for PBXProject "Domo" */;
			compatibilityVersion = "Xcode 3.2";
			developmentRegion = English;
			hasScannedForEncodings = 0;
			knownRegions = (
				en,
				Base,
			);
			mainGroup = BC8A62E01C577A1500BA318D;
			productRefGroup = BC8A62EA1C577A1500BA318D /* Products */;
			projectDirPath = "";
			projectRoot = "";
			targets = (
				BC8A62E81C577A1500BA318D /* Domo */,
				BC8A63011C577A1500BA318D /* DomoTests */,
				BC8A630C1C577A1500BA318D /* DomoUITests */,
			);
		};
/* End PBXProject section */

/* Begin PBXResourcesBuildPhase section */
		BC8A62E71C577A1500BA318D /* Resources */ = {
			isa = PBXResourcesBuildPhase;
			buildActionMask = 2147483647;
			files = (
				BC8A62FC1C577A1500BA318D /* LaunchScreen.storyboard in Resources */,
				BC8A62F91C577A1500BA318D /* Assets.xcassets in Resources */,
				BC8A62F71C577A1500BA318D /* Main.storyboard in Resources */,
			);
			runOnlyForDeploymentPostprocessing = 0;
		};
		BC8A63001C577A1500BA318D /* Resources */ = {
			isa = PBXResourcesBuildPhase;
			buildActionMask = 2147483647;
			files = (
			);
			runOnlyForDeploymentPostprocessing = 0;
		};
		BC8A630B1C577A1500BA318D /* Resources */ = {
			isa = PBXResourcesBuildPhase;
			buildActionMask = 2147483647;
			files = (
			);
			runOnlyForDeploymentPostprocessing = 0;
		};
/* End PBXResourcesBuildPhase section */

/* Begin PBXSourcesBuildPhase section */
		BC8A62E51C577A1500BA318D /* Sources */ = {
			isa = PBXSourcesBuildPhase;
			buildActionMask = 2147483647;
			files = (
				BC8A62F41C577A1500BA318D /* ViewController.m in Sources */,
				BC8A62F11C577A1500BA318D /* AppDelegate.m in Sources */,
				BC8A62EE1C577A1500BA318D /* main.m in Sources */,
			);
			runOnlyForDeploymentPostprocessing = 0;
		};
		BC8A62FE1C577A1500BA318D /* Sources */ = {
			isa = PBXSourcesBuildPhase;
			buildActionMask = 2147483647;
			files = (
				BC8A63071C577A1500BA318D /* DomoTests.m in Sources */,
			);
			runOnlyForDeploymentPostprocessing = 0;
		};
		BC8A63091C577A1500BA318D /* Sources */ = {
			isa = PBXSourcesBuildPhase;
			buildActionMask = 2147483647;
			files = (
				BC8A63121C577A1500BA318D /* DomoUITests.m in Sources */,
			);
			runOnlyForDeploymentPostprocessing = 0;
		};
/* End PBXSourcesBuildPhase section */

/* Begin PBXTargetDependency section */
		BC8A63041C577A1500BA318D /* PBXTargetDependency */ = {
			isa = PBXTargetDependency;
			target = BC8A62E81C577A1500BA318D /* Domo */;
			targetProxy = BC8A63031C577A1500BA318D /* PBXContainerItemProxy */;
		};
		BC8A630F1C577A1500BA318D /* PBXTargetDependency */ = {
			isa = PBXTargetDependency;
			target = BC8A62E81C577A1500BA318D /* Domo */;
			targetProxy = BC8A630E1C577A1500BA318D /* PBXContainerItemProxy */;
		};
/* End PBXTargetDependency section */

/* Begin PBXVariantGroup section */
		BC8A62F51C577A1500BA318D /* Main.storyboard */ = {
			isa = PBXVariantGroup;
			children = (
				BC8A62F61C577A1500BA318D /* Base */,
			);
			name = Main.storyboard;
			sourceTree = "<group>";
		};
		BC8A62FA1C577A1500BA318D /* LaunchScreen.storyboard */ = {
			isa = PBXVariantGroup;
			children = (
				BC8A62FB1C577A1500BA318D /* Base */,
			);
			name = LaunchScreen.storyboard;
			sourceTree = "<group>";
		};
/* End PBXVariantGroup section */

/* Begin XCBuildConfiguration section */
		BC8A63141C577A1500BA318D /* Debug */ = {
			isa = XCBuildConfiguration;
			buildSettings = {
				ALWAYS_SEARCH_USER_PATHS = NO;
				CLANG_CXX_LANGUAGE_STANDARD = "gnu++0x";
				CLANG_CXX_LIBRARY = "libc++";
				CLANG_ENABLE_MODULES = YES;
				CLANG_ENABLE_OBJC_ARC = YES;
				CLANG_WARN_BOOL_CONVERSION = YES;
				CLANG_WARN_CONSTANT_CONVERSION = YES;
				CLANG_WARN_DIRECT_OBJC_ISA_USAGE = YES_ERROR;
				CLANG_WARN_EMPTY_BODY = YES;
				CLANG_WARN_ENUM_CONVERSION = YES;
				CLANG_WARN_INT_CONVERSION = YES;
				CLANG_WARN_OBJC_ROOT_CLASS = YES_ERROR;
				CLANG_WARN_UNREACHABLE_CODE = YES;
				CLANG_WARN__DUPLICATE_METHOD_MATCH = YES;
				"CODE_SIGN_IDENTITY[sdk=iphoneos*]" = "iPhone Developer";
				COPY_PHASE_STRIP = NO;
				DEBUG_INFORMATION_FORMAT = dwarf;
				ENABLE_STRICT_OBJC_MSGSEND = YES;
				ENABLE_TESTABILITY = YES;
				GCC_C_LANGUAGE_STANDARD = gnu99;
				GCC_DYNAMIC_NO_PIC = NO;
				GCC_NO_COMMON_BLOCKS = YES;
				GCC_OPTIMIZATION_LEVEL = 0;
				GCC_PREPROCESSOR_DEFINITIONS = (
					"DEBUG=1",
					"$(inherited)",
				);
				GCC_WARN_64_TO_32_BIT_CONVERSION = YES;
				GCC_WARN_ABOUT_RETURN_TYPE = YES_ERROR;
				GCC_WARN_UNDECLARED_SELECTOR = YES;
				GCC_WARN_UNINITIALIZED_AUTOS = YES_AGGRESSIVE;
				GCC_WARN_UNUSED_FUNCTION = YES;
				GCC_WARN_UNUSED_VARIABLE = YES;
				IPHONEOS_DEPLOYMENT_TARGET = 9.0;
				MTL_ENABLE_DEBUG_INFO = YES;
				ONLY_ACTIVE_ARCH = YES;
				SDKROOT = iphoneos;
			};
			name = Debug;
		};
		BC8A63151C577A1500BA318D /* Release */ = {
			isa = XCBuildConfiguration;
			buildSettings = {
				ALWAYS_SEARCH_USER_PATHS = NO;
				CLANG_CXX_LANGUAGE_STANDARD = "gnu++0x";
				CLANG_CXX_LIBRARY = "libc++";
				CLANG_ENABLE_MODULES = YES;
				CLANG_ENABLE_OBJC_ARC = YES;
				CLANG_WARN_BOOL_CONVERSION = YES;
				CLANG_WARN_CONSTANT_CONVERSION = YES;
				CLANG_WARN_DIRECT_OBJC_ISA_USAGE = YES_ERROR;
				CLANG_WARN_EMPTY_BODY = YES;
				CLANG_WARN_ENUM_CONVERSION = YES;
				CLANG_WARN_INT_CONVERSION = YES;
				CLANG_WARN_OBJC_ROOT_CLASS = YES_ERROR;
				CLANG_WARN_UNREACHABLE_CODE = YES;
				CLANG_WARN__DUPLICATE_METHOD_MATCH = YES;
				"CODE_SIGN_IDENTITY[sdk=iphoneos*]" = "iPhone Developer";
				COPY_PHASE_STRIP = NO;
				DEBUG_INFORMATION_FORMAT = "dwarf-with-dsym";
				ENABLE_NS_ASSERTIONS = NO;
				ENABLE_STRICT_OBJC_MSGSEND = YES;
				GCC_C_LANGUAGE_STANDARD = gnu99;
				GCC_NO_COMMON_BLOCKS = YES;
				GCC_WARN_64_TO_32_BIT_CONVERSION = YES;
				GCC_WARN_ABOUT_RETURN_TYPE = YES_ERROR;
				GCC_WARN_UNDECLARED_SELECTOR = YES;
				GCC_WARN_UNINITIALIZED_AUTOS = YES_AGGRESSIVE;
				GCC_WARN_UNUSED_FUNCTION = YES;
				GCC_WARN_UNUSED_VARIABLE = YES;
				IPHONEOS_DEPLOYMENT_TARGET = 9.0;
				MTL_ENABLE_DEBUG_INFO = NO;
				SDKROOT = iphoneos;
				VALIDATE_PRODUCT = YES;
			};
			name = Release;
		};
		BC8A63171C577A1500BA318D /* Debug */ = {
			isa = XCBuildConfiguration;
			buildSettings = {
				ASSETCATALOG_COMPILER_APPICON_NAME = AppIcon;
				INFOPLIST_FILE = Domo/Info.plist;
				LD_RUNPATH_SEARCH_PATHS = "$(inherited) @executable_path/Frameworks";
				PRODUCT_BUNDLE_IDENTIFIER = com.1519.Domo;
				PRODUCT_NAME = "$(TARGET_NAME)";
			};
			name = Debug;
		};
		BC8A63181C577A1500BA318D /* Release */ = {
			isa = XCBuildConfiguration;
			buildSettings = {
				ASSETCATALOG_COMPILER_APPICON_NAME = AppIcon;
				INFOPLIST_FILE = Domo/Info.plist;
				LD_RUNPATH_SEARCH_PATHS = "$(inherited) @executable_path/Frameworks";
				PRODUCT_BUNDLE_IDENTIFIER = com.1519.Domo;
				PRODUCT_NAME = "$(TARGET_NAME)";
			};
			name = Release;
		};
		BC8A631A1C577A1500BA318D /* Debug */ = {
			isa = XCBuildConfiguration;
			buildSettings = {
				BUNDLE_LOADER = "$(TEST_HOST)";
				INFOPLIST_FILE = DomoTests/Info.plist;
				LD_RUNPATH_SEARCH_PATHS = "$(inherited) @executable_path/Frameworks @loader_path/Frameworks";
				PRODUCT_BUNDLE_IDENTIFIER = com.1519.DomoTests;
				PRODUCT_NAME = "$(TARGET_NAME)";
				TEST_HOST = "$(BUILT_PRODUCTS_DIR)/Domo.app/Domo";
			};
			name = Debug;
		};
		BC8A631B1C577A1500BA318D /* Release */ = {
			isa = XCBuildConfiguration;
			buildSettings = {
				BUNDLE_LOADER = "$(TEST_HOST)";
				INFOPLIST_FILE = DomoTests/Info.plist;
				LD_RUNPATH_SEARCH_PATHS = "$(inherited) @executable_path/Frameworks @loader_path/Frameworks";
				PRODUCT_BUNDLE_IDENTIFIER = com.1519.DomoTests;
				PRODUCT_NAME = "$(TARGET_NAME)";
				TEST_HOST = "$(BUILT_PRODUCTS_DIR)/Domo.app/Domo";
			};
			name = Release;
		};
		BC8A631D1C577A1500BA318D /* Debug */ = {
			isa = XCBuildConfiguration;
			buildSettings = {
				INFOPLIST_FILE = DomoUITests/Info.plist;
				LD_RUNPATH_SEARCH_PATHS = "$(inherited) @executable_path/Frameworks @loader_path/Frameworks";
				PRODUCT_BUNDLE_IDENTIFIER = com.1519.DomoUITests;
				PRODUCT_NAME = "$(TARGET_NAME)";
				TEST_TARGET_NAME = Domo;
				USES_XCTRUNNER = YES;
			};
			name = Debug;
		};
		BC8A631E1C577A1500BA318D /* Release */ = {
			isa = XCBuildConfiguration;
			buildSettings = {
				INFOPLIST_FILE = DomoUITests/Info.plist;
				LD_RUNPATH_SEARCH_PATHS = "$(inherited) @executable_path/Frameworks @loader_path/Frameworks";
				PRODUCT_BUNDLE_IDENTIFIER = com.1519.DomoUITests;
				PRODUCT_NAME = "$(TARGET_NAME)";
				TEST_TARGET_NAME = Domo;
				USES_XCTRUNNER = YES;
			};
			name = Release;
		};
/* End XCBuildConfiguration section */

/* Begin XCConfigurationList section */
		BC8A62E41C577A1500BA318D /* Build configuration list for PBXProject "Domo" */ = {
			isa = XCConfigurationList;
			buildConfigurations = (
				BC8A63141C577A1500BA318D /* Debug */,
				BC8A63151C577A1500BA318D /* Release */,
			);
			defaultConfigurationIsVisible = 0;
			defaultConfigurationName = Release;
		};
		BC8A63161C577A1500BA318D /* Build configuration list for PBXNativeTarget "Domo" */ = {
			isa = XCConfigurationList;
			buildConfigurations = (
				BC8A63171C577A1500BA318D /* Debug */,
				BC8A63181C577A1500BA318D /* Release */,
			);
			defaultConfigurationIsVisible = 0;
		};
		BC8A63191C577A1500BA318D /* Build configuration list for PBXNativeTarget "DomoTests" */ = {
			isa = XCConfigurationList;
			buildConfigurations = (
				BC8A631A1C577A1500BA318D /* Debug */,
				BC8A631B1C577A1500BA318D /* Release */,
			);
			defaultConfigurationIsVisible = 0;
		};
		BC8A631C1C577A1500BA318D /* Build configuration list for PBXNativeTarget "DomoUITests" */ = {
			isa = XCConfigurationList;
			buildConfigurations = (
				BC8A631D1C577A1500BA318D /* Debug */,
				BC8A631E1C577A1500BA318D /* Release */,
			);
			defaultConfigurationIsVisible = 0;
		};
/* End XCConfigurationList section */
	};
	rootObject = BC8A62E11C577A1500BA318D /* Project object */;
}
